
Microsoft Visual Studio Solution File, Format Version 12.00
# Visual Studio 15
VisualStudioVersion = 15.0.28010.2050
MinimumVisualStudioVersion = 10.0.40219.1
Project("{FAE04EC0-301F-11D3-BF4B-00C04F79EFBC}") = "Management", "Management\Management.csproj", "{C34DEE82-8FCE-47BD-B7F3-63A996BBB8B3}"
EndProject
Global
	GlobalSection(SolutionConfigurationPlatforms) = preSolution
		Debug|Any CPU = Debug|Any CPU
		Release|Any CPU = Release|Any CPU
	EndGlobalSection
	GlobalSection(ProjectConfigurationPlatforms) = postSolution
		{C34DEE82-8FCE-47BD-B7F3-63A996BBB8B3}.Debug|Any CPU.ActiveCfg = Debug|Any CPU
		{C34DEE82-8FCE-47BD-B7F3-63A996BBB8B3}.Debug|Any CPU.Build.0 = Debug|Any CPU
		{C34DEE82-8FCE-47BD-B7F3-63A996BBB8B3}.Release|Any CPU.ActiveCfg = Release|Any CPU
		{C34DEE82-8FCE-47BD-B7F3-63A996BBB8B3}.Release|Any CPU.Build.0 = Release|Any CPU
	EndGlobalSection
	GlobalSection(SolutionProperties) = preSolution
		HideSolutionNode = FALSE
	EndGlobalSection
	GlobalSection(ExtensibilityGlobals) = postSolution
		SolutionGuid = {1AB22BB7-166A-4116-95DC-555B775450EB}
	EndGlobalSection
EndGlobal
